{
    "name": "splunk-sdk",
    "version": "0.5.0",
    "lockfileVersion": 1,
    "requires": true,
    "dependencies": {
        "csv-parse": {
            "version": "4.3.0",
            "resolved": "https://registry.npmjs.org/csv-parse/-/csv-parse-4.3.0.tgz",
            "integrity": "sha512-vrZTSMG/6a5EI30ICFU8IQ1kR3xXXoC3Z7jaUv76E5uCgFahr2sffRoTAffvEd1JZNssAgalI4DaEFUnXqQCGw=="
        },
        "elasticsearch-browser": {
            "version": "15.2.0",
            "resolved": "https://registry.npmjs.org/elasticsearch-browser/-/elasticsearch-browser-15.2.0.tgz",
            "integrity": "sha512-Rhz7SkuPeiBtRZP2xn98NhiECJQSTrzUEDHXkepkYXqH755kjPzpJB2rvioKDkA+4gegOyHk2yx+VDGcMXQhVg=="
        },
        "mustache": {
            "version": "0.3.1-dev",
            "resolved": "http://registry.npmjs.org/mustache/-/mustache-0.3.1-dev.tgz",
            "integrity": "sha1-JXYyncRsFvOwIpHJ9aByzMbnAyQ=",
            "dev": true
        },
        "python-shell": {
            "version": "1.0.6",
            "resolved": "https://registry.npmjs.org/python-shell/-/python-shell-1.0.6.tgz",
            "integrity": "sha512-SVjW0Kr13LUj9Tc7Yx7w6kO2bL3gq521Ky5hW0lv8hdJwa1oP2anQlUQWm8ZSKtmHqDNl5F7TqCH2pk5zo9/5g=="
        },
        "request": {
            "version": "2.9.152",
            "resolved": "http://registry.npmjs.org/request/-/request-2.9.152.tgz",
            "integrity": "sha1-EAz/zZoBJVb+3MkW5kepzR4rv0M="
        }
    }
}
